
Microsoft Visual Studio Solution File, Format Version 12.00
# Visual Studio Version 17
VisualStudioVersion = 17.8.34330.188
MinimumVisualStudioVersion = 10.0.40219.1
Project("{9A19103F-16F7-4668-BE54-9A1E7A4F7556}") = "Day01", "Day01\Day01.csproj", "{62917624-1AFA-4351-9DE1-190C0889765D}"
EndProject
Project("{9A19103F-16F7-4668-BE54-9A1E7A4F7556}") = "Day02", "Day02\Day02.csproj", "{16D1B51E-C88F-438A-98BE-F9C5D00B11CA}"
EndProject
Project("{9A19103F-16F7-4668-BE54-9A1E7A4F7556}") = "Day03", "Day03\Day03.csproj", "{ACFBDFFA-E0DC-4F8F-A70A-E35662A8D465}"
EndProject
Project("{9A19103F-16F7-4668-BE54-9A1E7A4F7556}") = "Day04", "Day04\Day04.csproj", "{B4DE708F-3240-4551-BAC8-8120909018D1}"
EndProject
Project("{9A19103F-16F7-4668-BE54-9A1E7A4F7556}") = "Day05", "Day05\Day05.csproj", "{19425B9F-BB3F-4507-9104-93725CD90F66}"
EndProject
Project("{FAE04EC0-301F-11D3-BF4B-00C04F79EFBC}") = "Day06", "Day06\Day06.csproj", "{66C20DC1-669B-4BFD-A1E4-2B7DA12AD8CA}"
EndProject
Global
	GlobalSection(SolutionConfigurationPlatforms) = preSolution
		Debug|Any CPU = Debug|Any CPU
		Release|Any CPU = Release|Any CPU
	EndGlobalSection
	GlobalSection(ProjectConfigurationPlatforms) = postSolution
		{62917624-1AFA-4351-9DE1-190C0889765D}.Debug|Any CPU.ActiveCfg = Debug|Any CPU
		{62917624-1AFA-4351-9DE1-190C0889765D}.Debug|Any CPU.Build.0 = Debug|Any CPU
		{62917624-1AFA-4351-9DE1-190C0889765D}.Release|Any CPU.ActiveCfg = Release|Any CPU
		{62917624-1AFA-4351-9DE1-190C0889765D}.Release|Any CPU.Build.0 = Release|Any CPU
		{16D1B51E-C88F-438A-98BE-F9C5D00B11CA}.Debug|Any CPU.ActiveCfg = Debug|Any CPU
		{16D1B51E-C88F-438A-98BE-F9C5D00B11CA}.Debug|Any CPU.Build.0 = Debug|Any CPU
		{16D1B51E-C88F-438A-98BE-F9C5D00B11CA}.Release|Any CPU.ActiveCfg = Release|Any CPU
		{16D1B51E-C88F-438A-98BE-F9C5D00B11CA}.Release|Any CPU.Build.0 = Release|Any CPU
		{ACFBDFFA-E0DC-4F8F-A70A-E35662A8D465}.Debug|Any CPU.ActiveCfg = Debug|Any CPU
		{ACFBDFFA-E0DC-4F8F-A70A-E35662A8D465}.Debug|Any CPU.Build.0 = Debug|Any CPU
		{ACFBDFFA-E0DC-4F8F-A70A-E35662A8D465}.Release|Any CPU.ActiveCfg = Release|Any CPU
		{ACFBDFFA-E0DC-4F8F-A70A-E35662A8D465}.Release|Any CPU.Build.0 = Release|Any CPU
		{B4DE708F-3240-4551-BAC8-8120909018D1}.Debug|Any CPU.ActiveCfg = Debug|Any CPU
		{B4DE708F-3240-4551-BAC8-8120909018D1}.Debug|Any CPU.Build.0 = Debug|Any CPU
		{B4DE708F-3240-4551-BAC8-8120909018D1}.Release|Any CPU.ActiveCfg = Release|Any CPU
		{B4DE708F-3240-4551-BAC8-8120909018D1}.Release|Any CPU.Build.0 = Release|Any CPU
		{19425B9F-BB3F-4507-9104-93725CD90F66}.Debug|Any CPU.ActiveCfg = Debug|Any CPU
		{19425B9F-BB3F-4507-9104-93725CD90F66}.Debug|Any CPU.Build.0 = Debug|Any CPU
		{19425B9F-BB3F-4507-9104-93725CD90F66}.Release|Any CPU.ActiveCfg = Release|Any CPU
		{19425B9F-BB3F-4507-9104-93725CD90F66}.Release|Any CPU.Build.0 = Release|Any CPU
		{66C20DC1-669B-4BFD-A1E4-2B7DA12AD8CA}.Debug|Any CPU.ActiveCfg = Debug|Any CPU
		{66C20DC1-669B-4BFD-A1E4-2B7DA12AD8CA}.Debug|Any CPU.Build.0 = Debug|Any CPU
		{66C20DC1-669B-4BFD-A1E4-2B7DA12AD8CA}.Release|Any CPU.ActiveCfg = Release|Any CPU
		{66C20DC1-669B-4BFD-A1E4-2B7DA12AD8CA}.Release|Any CPU.Build.0 = Release|Any CPU
	EndGlobalSection
	GlobalSection(SolutionProperties) = preSolution
		HideSolutionNode = FALSE
	EndGlobalSection
	GlobalSection(ExtensibilityGlobals) = postSolution
		SolutionGuid = {FE4592AA-3937-46EB-A066-60AFAFC588D7}
	EndGlobalSection
EndGlobal
